
Microsoft Visual Studio Solution File, Format Version 12.00
# Visual Studio Version 17
VisualStudioVersion = 17.5.33424.131
MinimumVisualStudioVersion = 10.0.40219.1
Project("{9A19103F-16F7-4668-BE54-9A1E7A4F7556}") = "ModbusCommunicate", "communicate\ModbusCommunicate.csproj", "{304ECFA5-C647-470E-B2AB-03045165E98C}"
EndProject
Project("{9A19103F-16F7-4668-BE54-9A1E7A4F7556}") = "Communicate.Core", "Communicate.Core\Communicate.Core.csproj", "{81758D62-585E-4762-8463-EF6D9A18365C}"
EndProject
Project("{FAE04EC0-301F-11D3-BF4B-00C04F79EFBC}") = "WindowsFormsApp1", "WindowsFormsApp1\WindowsFormsApp1.csproj", "{83A44DA0-42FA-4846-890E-5500CD9F3C49}"
EndProject
Global
	GlobalSection(SolutionConfigurationPlatforms) = preSolution
		Debug|Any CPU = Debug|Any CPU
		Release|Any CPU = Release|Any CPU
	EndGlobalSection
	GlobalSection(ProjectConfigurationPlatforms) = postSolution
		{304ECFA5-C647-470E-B2AB-03045165E98C}.Debug|Any CPU.ActiveCfg = Debug|Any CPU
		{304ECFA5-C647-470E-B2AB-03045165E98C}.Debug|Any CPU.Build.0 = Debug|Any CPU
		{304ECFA5-C647-470E-B2AB-03045165E98C}.Release|Any CPU.ActiveCfg = Release|Any CPU
		{304ECFA5-C647-470E-B2AB-03045165E98C}.Release|Any CPU.Build.0 = Release|Any CPU
		{81758D62-585E-4762-8463-EF6D9A18365C}.Debug|Any CPU.ActiveCfg = Debug|Any CPU
		{81758D62-585E-4762-8463-EF6D9A18365C}.Debug|Any CPU.Build.0 = Debug|Any CPU
		{81758D62-585E-4762-8463-EF6D9A18365C}.Release|Any CPU.ActiveCfg = Release|Any CPU
		{81758D62-585E-4762-8463-EF6D9A18365C}.Release|Any CPU.Build.0 = Release|Any CPU
		{83A44DA0-42FA-4846-890E-5500CD9F3C49}.Debug|Any CPU.ActiveCfg = Debug|Any CPU
		{83A44DA0-42FA-4846-890E-5500CD9F3C49}.Debug|Any CPU.Build.0 = Debug|Any CPU
		{83A44DA0-42FA-4846-890E-5500CD9F3C49}.Release|Any CPU.ActiveCfg = Release|Any CPU
		{83A44DA0-42FA-4846-890E-5500CD9F3C49}.Release|Any CPU.Build.0 = Release|Any CPU
	EndGlobalSection
	GlobalSection(SolutionProperties) = preSolution
		HideSolutionNode = FALSE
	EndGlobalSection
	GlobalSection(ExtensibilityGlobals) = postSolution
		SolutionGuid = {92954FA1-8A84-4F51-9DD3-6F3919F68CD0}
	EndGlobalSection
EndGlobal
